
Microsoft Visual Studio Solution File, Format Version 12.00
# Visual Studio Version 17
VisualStudioVersion = 17.1.32328.378
MinimumVisualStudioVersion = 10.0.40219.1
Project("{FAE04EC0-301F-11D3-BF4B-00C04F79EFBC}") = "CSharp.LabExercise1", "CSharp.LabExercise1.csproj", "{8E66D43E-FB24-4CE3-9586-B2A54E5116F1}"
EndProject
Global
	GlobalSection(SolutionConfigurationPlatforms) = preSolution
		Debug|Any CPU = Debug|Any CPU
		Release|Any CPU = Release|Any CPU
	EndGlobalSection
	GlobalSection(ProjectConfigurationPlatforms) = postSolution
		{8E66D43E-FB24-4CE3-9586-B2A54E5116F1}.Debug|Any CPU.ActiveCfg = Debug|Any CPU
		{8E66D43E-FB24-4CE3-9586-B2A54E5116F1}.Debug|Any CPU.Build.0 = Debug|Any CPU
		{8E66D43E-FB24-4CE3-9586-B2A54E5116F1}.Release|Any CPU.ActiveCfg = Release|Any CPU
		{8E66D43E-FB24-4CE3-9586-B2A54E5116F1}.Release|Any CPU.Build.0 = Release|Any CPU
	EndGlobalSection
	GlobalSection(SolutionProperties) = preSolution
		HideSolutionNode = FALSE
	EndGlobalSection
	GlobalSection(ExtensibilityGlobals) = postSolution
		SolutionGuid = {15F98555-BEB0-4E50-A36E-9C5828A1F96A}
	EndGlobalSection
EndGlobal
